
Microsoft Visual Studio Solution File, Format Version 12.00
# Visual Studio Version 17
VisualStudioVersion = 17.5.33424.131
MinimumVisualStudioVersion = 10.0.40219.1
Project("{FAE04EC0-301F-11D3-BF4B-00C04F79EFBC}") = "ConsoleApp", "ConsoleApp\ConsoleApp.csproj", "{4C269941-E084-48D2-9357-40C650458903}"
EndProject
Project("{FAE04EC0-301F-11D3-BF4B-00C04F79EFBC}") = "AspNetIdentity.Sts", "AspNetIdentity.Sts\AspNetIdentity.Sts.csproj", "{963EB87B-C323-4A9D-8F09-32AB353F9FF0}"
EndProject
Project("{FAE04EC0-301F-11D3-BF4B-00C04F79EFBC}") = "Service.Api", "Service.Api\Service.Api.csproj", "{CA394520-92DA-450F-8DBF-4E3772D0BD94}"
EndProject
Global
	GlobalSection(SolutionConfigurationPlatforms) = preSolution
		Debug|Any CPU = Debug|Any CPU
		Release|Any CPU = Release|Any CPU
	EndGlobalSection
	GlobalSection(ProjectConfigurationPlatforms) = postSolution
		{4C269941-E084-48D2-9357-40C650458903}.Debug|Any CPU.ActiveCfg = Debug|Any CPU
		{4C269941-E084-48D2-9357-40C650458903}.Debug|Any CPU.Build.0 = Debug|Any CPU
		{4C269941-E084-48D2-9357-40C650458903}.Release|Any CPU.ActiveCfg = Release|Any CPU
		{4C269941-E084-48D2-9357-40C650458903}.Release|Any CPU.Build.0 = Release|Any CPU
		{963EB87B-C323-4A9D-8F09-32AB353F9FF0}.Debug|Any CPU.ActiveCfg = Debug|Any CPU
		{963EB87B-C323-4A9D-8F09-32AB353F9FF0}.Debug|Any CPU.Build.0 = Debug|Any CPU
		{963EB87B-C323-4A9D-8F09-32AB353F9FF0}.Release|Any CPU.ActiveCfg = Release|Any CPU
		{963EB87B-C323-4A9D-8F09-32AB353F9FF0}.Release|Any CPU.Build.0 = Release|Any CPU
		{CA394520-92DA-450F-8DBF-4E3772D0BD94}.Debug|Any CPU.ActiveCfg = Debug|Any CPU
		{CA394520-92DA-450F-8DBF-4E3772D0BD94}.Debug|Any CPU.Build.0 = Debug|Any CPU
		{CA394520-92DA-450F-8DBF-4E3772D0BD94}.Release|Any CPU.ActiveCfg = Release|Any CPU
		{CA394520-92DA-450F-8DBF-4E3772D0BD94}.Release|Any CPU.Build.0 = Release|Any CPU
	EndGlobalSection
	GlobalSection(SolutionProperties) = preSolution
		HideSolutionNode = FALSE
	EndGlobalSection
	GlobalSection(ExtensibilityGlobals) = postSolution
		SolutionGuid = {DD7585FD-DBD3-4AC2-8C4E-B58DE92E81C1}
	EndGlobalSection
EndGlobal
