
Microsoft Visual Studio Solution File, Format Version 12.00
# Visual Studio Version 17
VisualStudioVersion = 17.5.33424.131
MinimumVisualStudioVersion = 10.0.40219.1
Project("{9A19103F-16F7-4668-BE54-9A1E7A4F7556}") = "Service.Api", "Service.Api\Service.Api.csproj", "{45BFC27F-58F4-4D24-BE23-B54BB13DAA5D}"
EndProject
Project("{E53339B2-1760-4266-BCC7-CA923CBCF16C}") = "docker-compose", "docker-compose.dcproj", "{D0B51B04-010D-4E75-B016-B38441C8424C}"
EndProject
Project("{9A19103F-16F7-4668-BE54-9A1E7A4F7556}") = "Mvc.Client.WebApp", "Mvc.Client.WebApp\Mvc.Client.WebApp.csproj", "{BBAF9C84-B634-402D-A2D8-F179DDB923FF}"
EndProject
Project("{FAE04EC0-301F-11D3-BF4B-00C04F79EFBC}") = "AspNetIdentity.Sts", "AspNetIdentity.Sts\AspNetIdentity.Sts.csproj", "{7B4000E6-17E6-433F-AF7A-6DFD7722C0B6}"
EndProject
Global
	GlobalSection(SolutionConfigurationPlatforms) = preSolution
		Debug|Any CPU = Debug|Any CPU
		Release|Any CPU = Release|Any CPU
	EndGlobalSection
	GlobalSection(ProjectConfigurationPlatforms) = postSolution
		{45BFC27F-58F4-4D24-BE23-B54BB13DAA5D}.Debug|Any CPU.ActiveCfg = Debug|Any CPU
		{45BFC27F-58F4-4D24-BE23-B54BB13DAA5D}.Debug|Any CPU.Build.0 = Debug|Any CPU
		{45BFC27F-58F4-4D24-BE23-B54BB13DAA5D}.Release|Any CPU.ActiveCfg = Release|Any CPU
		{45BFC27F-58F4-4D24-BE23-B54BB13DAA5D}.Release|Any CPU.Build.0 = Release|Any CPU
		{D0B51B04-010D-4E75-B016-B38441C8424C}.Debug|Any CPU.ActiveCfg = Debug|Any CPU
		{D0B51B04-010D-4E75-B016-B38441C8424C}.Debug|Any CPU.Build.0 = Debug|Any CPU
		{D0B51B04-010D-4E75-B016-B38441C8424C}.Release|Any CPU.ActiveCfg = Release|Any CPU
		{D0B51B04-010D-4E75-B016-B38441C8424C}.Release|Any CPU.Build.0 = Release|Any CPU
		{BBAF9C84-B634-402D-A2D8-F179DDB923FF}.Debug|Any CPU.ActiveCfg = Debug|Any CPU
		{BBAF9C84-B634-402D-A2D8-F179DDB923FF}.Debug|Any CPU.Build.0 = Debug|Any CPU
		{BBAF9C84-B634-402D-A2D8-F179DDB923FF}.Release|Any CPU.ActiveCfg = Release|Any CPU
		{BBAF9C84-B634-402D-A2D8-F179DDB923FF}.Release|Any CPU.Build.0 = Release|Any CPU
		{7B4000E6-17E6-433F-AF7A-6DFD7722C0B6}.Debug|Any CPU.ActiveCfg = Debug|Any CPU
		{7B4000E6-17E6-433F-AF7A-6DFD7722C0B6}.Debug|Any CPU.Build.0 = Debug|Any CPU
		{7B4000E6-17E6-433F-AF7A-6DFD7722C0B6}.Release|Any CPU.ActiveCfg = Release|Any CPU
		{7B4000E6-17E6-433F-AF7A-6DFD7722C0B6}.Release|Any CPU.Build.0 = Release|Any CPU
	EndGlobalSection
	GlobalSection(SolutionProperties) = preSolution
		HideSolutionNode = FALSE
	EndGlobalSection
	GlobalSection(ExtensibilityGlobals) = postSolution
		SolutionGuid = {603D1CC2-A1FB-467E-BB7E-FC23E226CF62}
	EndGlobalSection
EndGlobal
